// !$*UTF8*$!
{
	archiveVersion = 1;
	classes = {
	};
	objectVersion = 46;
	objects = {

/* Begin PBXBuildFile section */
		310F3DB81ED369B000376FC4 /* main.m in Sources */ = {isa = PBXBuildFile; fileRef = 310F3DB71ED369B000376FC4 /* main.m */; };
		310F3DBB1ED369B000376FC4 /* AppDelegate.m in Sources */ = {isa = PBXBuildFile; fileRef = 310F3DBA1ED369B000376FC4 /* AppDelegate.m */; };
		310F3DBE1ED369B000376FC4 /* ViewController.m in Sources */ = {isa = PBXBuildFile; fileRef = 310F3DBD1ED369B000376FC4 /* ViewController.m */; };
		310F3DC11ED369B000376FC4 /* Main.storyboard in Resources */ = {isa = PBXBuildFile; fileRef = 310F3DBF1ED369B000376FC4 /* Main.storyboard */; };
		310F3DC41ED369B000376FC4 /* GithubRepos.xcdatamodeld in Sources */ = {isa = PBXBuildFile; fileRef = 310F3DC21ED369B000376FC4 /* GithubRepos.xcdatamodeld */; };
		310F3DC61ED369B000376FC4 /* Assets.xcassets in Resources */ = {isa = PBXBuildFile; fileRef = 310F3DC51ED369B000376FC4 /* Assets.xcassets */; };
		310F3DC91ED369B000376FC4 /* LaunchScreen.storyboard in Resources */ = {isa = PBXBuildFile; fileRef = 310F3DC71ED369B000376FC4 /* LaunchScreen.storyboard */; };
		310F3DD21ED36E9100376FC4 /* GithubRepo.m in Sources */ = {isa = PBXBuildFile; fileRef = 310F3DD11ED36E9100376FC4 /* GithubRepo.m */; };
/* End PBXBuildFile section */

/* Begin PBXFileReference section */
		310F3DB31ED369B000376FC4 /* GithubRepos.app */ = {isa = PBXFileReference; explicitFileType = wrapper.application; includeInIndex = 0; path = GithubRepos.app; sourceTree = BUILT_PRODUCTS_DIR; };
		310F3DB71ED369B000376FC4 /* main.m */ = {isa = PBXFileReference; lastKnownFileType = sourcecode.c.objc; path = main.m; sourceTree = "<group>"; };
		310F3DB91ED369B000376FC4 /* AppDelegate.h */ = {isa = PBXFileReference; lastKnownFileType = sourcecode.c.h; path = AppDelegate.h; sourceTree = "<group>"; };
		310F3DBA1ED369B000376FC4 /* AppDelegate.m */ = {isa = PBXFileReference; lastKnownFileType = sourcecode.c.objc; path = AppDelegate.m; sourceTree = "<group>"; };
		310F3DBC1ED369B000376FC4 /* ViewController.h */ = {isa = PBXFileReference; lastKnownFileType = sourcecode.c.h; path = ViewController.h; sourceTree = "<group>"; };
		310F3DBD1ED369B000376FC4 /* ViewController.m */ = {isa = PBXFileReference; lastKnownFileType = sourcecode.c.objc; path = ViewController.m; sourceTree = "<group>"; };
		310F3DC01ED369B000376FC4 /* Base */ = {isa = PBXFileReference; lastKnownFileType = file.storyboard; name = Base; path = Base.lproj/Main.storyboard; sourceTree = "<group>"; };
		310F3DC31ED369B000376FC4 /* GithubRepos.xcdatamodel */ = {isa = PBXFileReference; lastKnownFileType = wrapper.xcdatamodel; path = GithubRepos.xcdatamodel; sourceTree = "<group>"; };
		310F3DC51ED369B000376FC4 /* Assets.xcassets */ = {isa = PBXFileReference; lastKnownFileType = folder.assetcatalog; path = Assets.xcassets; sourceTree = "<group>"; };
		310F3DC81ED369B000376FC4 /* Base */ = {isa = PBXFileReference; lastKnownFileType = file.storyboard; name = Base; path = Base.lproj/LaunchScreen.storyboard; sourceTree = "<group>"; };
		310F3DCA1ED369B000376FC4 /* Info.plist */ = {isa = PBXFileReference; lastKnownFileType = text.plist.xml; path = Info.plist; sourceTree = "<group>"; };
		310F3DD01ED36E9100376FC4 /* GithubRepo.h */ = {isa = PBXFileReference; fileEncoding = 4; lastKnownFileType = sourcecode.c.h; path = GithubRepo.h; sourceTree = "<group>"; };
		310F3DD11ED36E9100376FC4 /* GithubRepo.m */ = {isa = PBXFileReference; fileEncoding = 4; lastKnownFileType = sourcecode.c.objc; path = GithubRepo.m; sourceTree = "<group>"; };
/* End PBXFileReference section */

/* Begin PBXFrameworksBuildPhase section */
		310F3DB01ED369B000376FC4 /* Frameworks */ = {
			isa = PBXFrameworksBuildPhase;
			buildActionMask = 2147483647;
			files = (
			);
			runOnlyForDeploymentPostprocessing = 0;
		};
/* End PBXFrameworksBuildPhase section */

/* Begin PBXGroup section */
		310F3DAA1ED369AF00376FC4 = {
			isa = PBXGroup;
			children = (
				310F3DB51ED369B000376FC4 /* GithubRepos */,
				310F3DB41ED369B000376FC4 /* Products */,
			);
			sourceTree = "<group>";
		};
		310F3DB41ED369B000376FC4 /* Products */ = {
			isa = PBXGroup;
			children = (
				310F3DB31ED369B000376FC4 /* GithubRepos.app */,
			);
			name = Products;
			sourceTree = "<group>";
		};
		310F3DB51ED369B000376FC4 /* GithubRepos */ = {
			isa = PBXGroup;
			children = (
				310F3DB91ED369B000376FC4 /* AppDelegate.h */,
				310F3DBA1ED369B000376FC4 /* AppDelegate.m */,
				310F3DD01ED36E9100376FC4 /* GithubRepo.h */,
				310F3DD11ED36E9100376FC4 /* GithubRepo.m */,
				310F3DBC1ED369B000376FC4 /* ViewController.h */,
				310F3DBD1ED369B000376FC4 /* ViewController.m */,
				310F3DBF1ED369B000376FC4 /* Main.storyboard */,
				310F3DC51ED369B000376FC4 /* Assets.xcassets */,
				310F3DC71ED369B000376FC4 /* LaunchScreen.storyboard */,
				310F3DCA1ED369B000376FC4 /* Info.plist */,
				310F3DC21ED369B000376FC4 /* GithubRepos.xcdatamodeld */,
				310F3DB61ED369B000376FC4 /* Supporting Files */,
			);
			path = GithubRepos;
			sourceTree = "<group>";
		};
		310F3DB61ED369B000376FC4 /* Supporting Files */ = {
			isa = PBXGroup;
			children = (
				310F3DB71ED369B000376FC4 /* main.m */,
			);
			name = "Supporting Files";
			sourceTree = "<group>";
		};
/* End PBXGroup section */

/* Begin PBXNativeTarget section */
		310F3DB21ED369B000376FC4 /* GithubRepos */ = {
			isa = PBXNativeTarget;
			buildConfigurationList = 310F3DCD1ED369B000376FC4 /* Build configuration list for PBXNativeTarget "GithubRepos" */;
			buildPhases = (
				310F3DAF1ED369B000376FC4 /* Sources */,
				310F3DB01ED369B000376FC4 /* Frameworks */,
				310F3DB11ED369B000376FC4 /* Resources */,
			);
			buildRules = (
			);
			dependencies = (
			);
			name = GithubRepos;
			productName = GithubRepos;
			productReference = 310F3DB31ED369B000376FC4 /* GithubRepos.app */;
			productType = "com.apple.product-type.application";
		};
/* End PBXNativeTarget section */

/* Begin PBXProject section */
		310F3DAB1ED369B000376FC4 /* Project object */ = {
			isa = PBXProject;
			attributes = {
				LastUpgradeCheck = 0830;
				ORGANIZATIONNAME = RushanBenazir;
				TargetAttributes = {
					310F3DB21ED369B000376FC4 = {
						CreatedOnToolsVersion = 8.3.2;
						ProvisioningStyle = Automatic;
					};
				};
			};
			buildConfigurationList = 310F3DAE1ED369B000376FC4 /* Build configuration list for PBXProject "GithubRepos" */;
			compatibilityVersion = "Xcode 3.2";
			developmentRegion = English;
			hasScannedForEncodings = 0;
			knownRegions = (
				en,
				Base,
			);
			mainGroup = 310F3DAA1ED369AF00376FC4;
			productRefGroup = 310F3DB41ED369B000376FC4 /* Products */;
			projectDirPath = "";
			projectRoot = "";
			targets = (
				310F3DB21ED369B000376FC4 /* GithubRepos */,
			);
		};
/* End PBXProject section */

/* Begin PBXResourcesBuildPhase section */
		310F3DB11ED369B000376FC4 /* Resources */ = {
			isa = PBXResourcesBuildPhase;
			buildActionMask = 2147483647;
			files = (
				310F3DC91ED369B000376FC4 /* LaunchScreen.storyboard in Resources */,
				310F3DC61ED369B000376FC4 /* Assets.xcassets in Resources */,
				310F3DC11ED369B000376FC4 /* Main.storyboard in Resources */,
			);
			runOnlyForDeploymentPostprocessing = 0;
		};
/* End PBXResourcesBuildPhase section */

/* Begin PBXSourcesBuildPhase section */
		310F3DAF1ED369B000376FC4 /* Sources */ = {
			isa = PBXSourcesBuildPhase;
			buildActionMask = 2147483647;
			files = (
				310F3DD21ED36E9100376FC4 /* GithubRepo.m in Sources */,
				310F3DC41ED369B000376FC4 /* GithubRepos.xcdatamodeld in Sources */,
				310F3DBE1ED369B000376FC4 /* ViewController.m in Sources */,
				310F3DBB1ED369B000376FC4 /* AppDelegate.m in Sources */,
				310F3DB81ED369B000376FC4 /* main.m in Sources */,
			);
			runOnlyForDeploymentPostprocessing = 0;
		};
/* End PBXSourcesBuildPhase section */

/* Begin PBXVariantGroup section */
		310F3DBF1ED369B000376FC4 /* Main.storyboard */ = {
			isa = PBXVariantGroup;
			children = (
				310F3DC01ED369B000376FC4 /* Base */,
			);
			name = Main.storyboard;
			sourceTree = "<group>";
		};
		310F3DC71ED369B000376FC4 /* LaunchScreen.storyboard */ = {
			isa = PBXVariantGroup;
			children = (
				310F3DC81ED369B000376FC4 /* Base */,
			);
			name = LaunchScreen.storyboard;
			sourceTree = "<group>";
		};
/* End PBXVariantGroup section */

/* Begin XCBuildConfiguration section */
		310F3DCB1ED369B000376FC4 /* Debug */ = {
			isa = XCBuildConfiguration;
			buildSettings = {
				ALWAYS_SEARCH_USER_PATHS = NO;
				CLANG_ANALYZER_NONNULL = YES;
				CLANG_ANALYZER_NUMBER_OBJECT_CONVERSION = YES_AGGRESSIVE;
				CLANG_CXX_LANGUAGE_STANDARD = "gnu++0x";
				CLANG_CXX_LIBRARY = "libc++";
				CLANG_ENABLE_MODULES = YES;
				CLANG_ENABLE_OBJC_ARC = YES;
				CLANG_WARN_BOOL_CONVERSION = YES;
				CLANG_WARN_CONSTANT_CONVERSION = YES;
				CLANG_WARN_DIRECT_OBJC_ISA_USAGE = YES_ERROR;
				CLANG_WARN_DOCUMENTATION_COMMENTS = YES;
				CLANG_WARN_EMPTY_BODY = YES;
				CLANG_WARN_ENUM_CONVERSION = YES;
				CLANG_WARN_INFINITE_RECURSION = YES;
				CLANG_WARN_INT_CONVERSION = YES;
				CLANG_WARN_OBJC_ROOT_CLASS = YES_ERROR;
				CLANG_WARN_SUSPICIOUS_MOVE = YES;
				CLANG_WARN_UNREACHABLE_CODE = YES;
				CLANG_WARN__DUPLICATE_METHOD_MATCH = YES;
				"CODE_SIGN_IDENTITY[sdk=iphoneos*]" = "iPhone Developer";
				COPY_PHASE_STRIP = NO;
				DEBUG_INFORMATION_FORMAT = dwarf;
				ENABLE_STRICT_OBJC_MSGSEND = YES;
				ENABLE_TESTABILITY = YES;
				GCC_C_LANGUAGE_STANDARD = gnu99;
				GCC_DYNAMIC_NO_PIC = NO;
				GCC_NO_COMMON_BLOCKS = YES;
				GCC_OPTIMIZATION_LEVEL = 0;
				GCC_PREPROCESSOR_DEFINITIONS = (
					"DEBUG=1",
					"$(inherited)",
				);
				GCC_WARN_64_TO_32_BIT_CONVERSION = YES;
				GCC_WARN_ABOUT_RETURN_TYPE = YES_ERROR;
				GCC_WARN_UNDECLARED_SELECTOR = YES;
				GCC_WARN_UNINITIALIZED_AUTOS = YES_AGGRESSIVE;
				GCC_WARN_UNUSED_FUNCTION = YES;
				GCC_WARN_UNUSED_VARIABLE = YES;
				IPHONEOS_DEPLOYMENT_TARGET = 10.3;
				MTL_ENABLE_DEBUG_INFO = YES;
				ONLY_ACTIVE_ARCH = YES;
				SDKROOT = iphoneos;
			};
			name = Debug;
		};
		310F3DCC1ED369B000376FC4 /* Release */ = {
			isa = XCBuildConfiguration;
			buildSettings = {
				ALWAYS_SEARCH_USER_PATHS = NO;
				CLANG_ANALYZER_NONNULL = YES;
				CLANG_ANALYZER_NUMBER_OBJECT_CONVERSION = YES_AGGRESSIVE;
				CLANG_CXX_LANGUAGE_STANDARD = "gnu++0x";
				CLANG_CXX_LIBRARY = "libc++";
				CLANG_ENABLE_MODULES = YES;
				CLANG_ENABLE_OBJC_ARC = YES;
				CLANG_WARN_BOOL_CONVERSION = YES;
				CLANG_WARN_CONSTANT_CONVERSION = YES;
				CLANG_WARN_DIRECT_OBJC_ISA_USAGE = YES_ERROR;
				CLANG_WARN_DOCUMENTATION_COMMENTS = YES;
				CLANG_WARN_EMPTY_BODY = YES;
				CLANG_WARN_ENUM_CONVERSION = YES;
				CLANG_WARN_INFINITE_RECURSION = YES;
				CLANG_WARN_INT_CONVERSION = YES;
				CLANG_WARN_OBJC_ROOT_CLASS = YES_ERROR;
				CLANG_WARN_SUSPICIOUS_MOVE = YES;
				CLANG_WARN_UNREACHABLE_CODE = YES;
				CLANG_WARN__DUPLICATE_METHOD_MATCH = YES;
				"CODE_SIGN_IDENTITY[sdk=iphoneos*]" = "iPhone Developer";
				COPY_PHASE_STRIP = NO;
				DEBUG_INFORMATION_FORMAT = "dwarf-with-dsym";
				ENABLE_NS_ASSERTIONS = NO;
				ENABLE_STRICT_OBJC_MSGSEND = YES;
				GCC_C_LANGUAGE_STANDARD = gnu99;
				GCC_NO_COMMON_BLOCKS = YES;
				GCC_WARN_64_TO_32_BIT_CONVERSION = YES;
				GCC_WARN_ABOUT_RETURN_TYPE = YES_ERROR;
				GCC_WARN_UNDECLARED_SELECTOR = YES;
				GCC_WARN_UNINITIALIZED_AUTOS = YES_AGGRESSIVE;
				GCC_WARN_UNUSED_FUNCTION = YES;
				GCC_WARN_UNUSED_VARIABLE = YES;
				IPHONEOS_DEPLOYMENT_TARGET = 10.3;
				MTL_ENABLE_DEBUG_INFO = NO;
				SDKROOT = iphoneos;
				VALIDATE_PRODUCT = YES;
			};
			name = Release;
		};
		310F3DCE1ED369B000376FC4 /* Debug */ = {
			isa = XCBuildConfiguration;
			buildSettings = {
				ASSETCATALOG_COMPILER_APPICON_NAME = AppIcon;
				INFOPLIST_FILE = GithubRepos/Info.plist;
				LD_RUNPATH_SEARCH_PATHS = "$(inherited) @executable_path/Frameworks";
				PRODUCT_BUNDLE_IDENTIFIER = RB.GithubRepos;
				PRODUCT_NAME = "$(TARGET_NAME)";
			};
			name = Debug;
		};
		310F3DCF1ED369B000376FC4 /* Release */ = {
			isa = XCBuildConfiguration;
			buildSettings = {
				ASSETCATALOG_COMPILER_APPICON_NAME = AppIcon;
				INFOPLIST_FILE = GithubRepos/Info.plist;
				LD_RUNPATH_SEARCH_PATHS = "$(inherited) @executable_path/Frameworks";
				PRODUCT_BUNDLE_IDENTIFIER = RB.GithubRepos;
				PRODUCT_NAME = "$(TARGET_NAME)";
			};
			name = Release;
		};
/* End XCBuildConfiguration section */

/* Begin XCConfigurationList section */
		310F3DAE1ED369B000376FC4 /* Build configuration list for PBXProject "GithubRepos" */ = {
			isa = XCConfigurationList;
			buildConfigurations = (
				310F3DCB1ED369B000376FC4 /* Debug */,
				310F3DCC1ED369B000376FC4 /* Release */,
			);
			defaultConfigurationIsVisible = 0;
			defaultConfigurationName = Release;
		};
		310F3DCD1ED369B000376FC4 /* Build configuration list for PBXNativeTarget "GithubRepos" */ = {
			isa = XCConfigurationList;
			buildConfigurations = (
				310F3DCE1ED369B000376FC4 /* Debug */,
				310F3DCF1ED369B000376FC4 /* Release */,
			);
			defaultConfigurationIsVisible = 0;
		};
/* End XCConfigurationList section */

/* Begin XCVersionGroup section */
		310F3DC21ED369B000376FC4 /* GithubRepos.xcdatamodeld */ = {
			isa = XCVersionGroup;
			children = (
				310F3DC31ED369B000376FC4 /* GithubRepos.xcdatamodel */,
			);
			currentVersion = 310F3DC31ED369B000376FC4 /* GithubRepos.xcdatamodel */;
			path = GithubRepos.xcdatamodeld;
			sourceTree = "<group>";
			versionGroupType = wrapper.xcdatamodel;
		};
/* End XCVersionGroup section */
	};
	rootObject = 310F3DAB1ED369B000376FC4 /* Project object */;
}
